// !$*UTF8*$!
{
	archiveVersion = 1;
	classes = {
	};
	objectVersion = 51;
	objects = {

/* Begin PBXBuildFile section */
		0493BBA527719877006075E0 /* UIImage+Extension.swift in Sources */ = {isa = PBXBuildFile; fileRef = 0493BBA327719877006075E0 /* UIImage+Extension.swift */; };
		0493BBA627719877006075E0 /* TriangleView.swift in Sources */ = {isa = PBXBuildFile; fileRef = 0493BBA427719877006075E0 /* TriangleView.swift */; };
		0493BBCD2771A05F006075E0 /* Constant.swift in Sources */ = {isa = PBXBuildFile; fileRef = 0493BBCC2771A05F006075E0 /* Constant.swift */; };
		04E4F85B2770A01D009F6132 /* AppDelegate.swift in Sources */ = {isa = PBXBuildFile; fileRef = 04E4F85A2770A01D009F6132 /* AppDelegate.swift */; };
		04E4F85F2770A01D009F6132 /* ViewController.swift in Sources */ = {isa = PBXBuildFile; fileRef = 04E4F85E2770A01D009F6132 /* ViewController.swift */; };
		04E4F8622770A01D009F6132 /* Main.storyboard in Resources */ = {isa = PBXBuildFile; fileRef = 04E4F8602770A01D009F6132 /* Main.storyboard */; };
		04E4F8642770A020009F6132 /* Assets.xcassets in Resources */ = {isa = PBXBuildFile; fileRef = 04E4F8632770A020009F6132 /* Assets.xcassets */; };
		04E4F8672770A020009F6132 /* LaunchScreen.storyboard in Resources */ = {isa = PBXBuildFile; fileRef = 04E4F8652770A020009F6132 /* LaunchScreen.storyboard */; };
		04E4F8722770A021009F6132 /* TestTests.swift in Sources */ = {isa = PBXBuildFile; fileRef = 04E4F8712770A021009F6132 /* TestTests.swift */; };
		04E4F87D2770A021009F6132 /* TestUITests.swift in Sources */ = {isa = PBXBuildFile; fileRef = 04E4F87C2770A021009F6132 /* TestUITests.swift */; };
		04E4F8A32770A26E009F6132 /* ViewController+Content.swift in Sources */ = {isa = PBXBuildFile; fileRef = 04E4F8A22770A26E009F6132 /* ViewController+Content.swift */; };
		04E4F8AB2770A512009F6132 /* Color.xcassets in Resources */ = {isa = PBXBuildFile; fileRef = 04E4F8AA2770A512009F6132 /* Color.xcassets */; };
		805BC07FAD86E6B71831740D /* Pods_TestTests.framework in Frameworks */ = {isa = PBXBuildFile; fileRef = 8440AB6A0DE1179916A6BD63 /* Pods_TestTests.framework */; };
		A1F4C25A2C0EA013DC37C216 /* Pods_Test.framework in Frameworks */ = {isa = PBXBuildFile; fileRef = 1992CCA2FA4C0BE3B0F80E9A /* Pods_Test.framework */; };
		C65A1922358C1CF73D01BEE5 /* Pods_Test_TestUITests.framework in Frameworks */ = {isa = PBXBuildFile; fileRef = 0370709B117CF9458563B8AD /* Pods_Test_TestUITests.framework */; };
/* End PBXBuildFile section */

/* Begin PBXContainerItemProxy section */
		04E4F86E2770A021009F6132 /* PBXContainerItemProxy */ = {
			isa = PBXContainerItemProxy;
			containerPortal = 04E4F84F2770A01D009F6132 /* Project object */;
			proxyType = 1;
			remoteGlobalIDString = 04E4F8562770A01D009F6132;
			remoteInfo = Test;
		};
		04E4F8792770A021009F6132 /* PBXContainerItemProxy */ = {
			isa = PBXContainerItemProxy;
			containerPortal = 04E4F84F2770A01D009F6132 /* Project object */;
			proxyType = 1;
			remoteGlobalIDString = 04E4F8562770A01D009F6132;
			remoteInfo = Test;
		};
/* End PBXContainerItemProxy section */

/* Begin PBXFileReference section */
		0370709B117CF9458563B8AD /* Pods_Test_TestUITests.framework */ = {isa = PBXFileReference; explicitFileType = wrapper.framework; includeInIndex = 0; path = Pods_Test_TestUITests.framework; sourceTree = BUILT_PRODUCTS_DIR; };
		0493BBA327719877006075E0 /* UIImage+Extension.swift */ = {isa = PBXFileReference; fileEncoding = 4; lastKnownFileType = sourcecode.swift; path = "UIImage+Extension.swift"; sourceTree = "<group>"; };
		0493BBA427719877006075E0 /* TriangleView.swift */ = {isa = PBXFileReference; fileEncoding = 4; lastKnownFileType = sourcecode.swift; path = TriangleView.swift; sourceTree = "<group>"; };
		0493BBCC2771A05F006075E0 /* Constant.swift */ = {isa = PBXFileReference; lastKnownFileType = sourcecode.swift; path = Constant.swift; sourceTree = "<group>"; };
		04E4F8572770A01D009F6132 /* Test.app */ = {isa = PBXFileReference; explicitFileType = wrapper.application; includeInIndex = 0; path = Test.app; sourceTree = BUILT_PRODUCTS_DIR; };
		04E4F85A2770A01D009F6132 /* AppDelegate.swift */ = {isa = PBXFileReference; lastKnownFileType = sourcecode.swift; path = AppDelegate.swift; sourceTree = "<group>"; };
		04E4F85E2770A01D009F6132 /* ViewController.swift */ = {isa = PBXFileReference; lastKnownFileType = sourcecode.swift; path = ViewController.swift; sourceTree = "<group>"; };
		04E4F8612770A01D009F6132 /* Base */ = {isa = PBXFileReference; lastKnownFileType = file.storyboard; name = Base; path = Base.lproj/Main.storyboard; sourceTree = "<group>"; };
		04E4F8632770A020009F6132 /* Assets.xcassets */ = {isa = PBXFileReference; lastKnownFileType = folder.assetcatalog; path = Assets.xcassets; sourceTree = "<group>"; };
		04E4F8662770A020009F6132 /* Base */ = {isa = PBXFileReference; lastKnownFileType = file.storyboard; name = Base; path = Base.lproj/LaunchScreen.storyboard; sourceTree = "<group>"; };
		04E4F8682770A020009F6132 /* Info.plist */ = {isa = PBXFileReference; lastKnownFileType = text.plist.xml; path = Info.plist; sourceTree = "<group>"; };
		04E4F86D2770A021009F6132 /* TestTests.xctest */ = {isa = PBXFileReference; explicitFileType = wrapper.cfbundle; includeInIndex = 0; path = TestTests.xctest; sourceTree = BUILT_PRODUCTS_DIR; };
		04E4F8712770A021009F6132 /* TestTests.swift */ = {isa = PBXFileReference; lastKnownFileType = sourcecode.swift; path = TestTests.swift; sourceTree = "<group>"; };
		04E4F8732770A021009F6132 /* Info.plist */ = {isa = PBXFileReference; lastKnownFileType = text.plist.xml; path = Info.plist; sourceTree = "<group>"; };
		04E4F8782770A021009F6132 /* TestUITests.xctest */ = {isa = PBXFileReference; explicitFileType = wrapper.cfbundle; includeInIndex = 0; path = TestUITests.xctest; sourceTree = BUILT_PRODUCTS_DIR; };
		04E4F87C2770A021009F6132 /* TestUITests.swift */ = {isa = PBXFileReference; lastKnownFileType = sourcecode.swift; path = TestUITests.swift; sourceTree = "<group>"; };
		04E4F87E2770A021009F6132 /* Info.plist */ = {isa = PBXFileReference; lastKnownFileType = text.plist.xml; path = Info.plist; sourceTree = "<group>"; };
		04E4F8A22770A26E009F6132 /* ViewController+Content.swift */ = {isa = PBXFileReference; lastKnownFileType = sourcecode.swift; path = "ViewController+Content.swift"; sourceTree = "<group>"; };
		04E4F8AA2770A512009F6132 /* Color.xcassets */ = {isa = PBXFileReference; lastKnownFileType = folder.assetcatalog; path = Color.xcassets; sourceTree = "<group>"; };
		1992CCA2FA4C0BE3B0F80E9A /* Pods_Test.framework */ = {isa = PBXFileReference; explicitFileType = wrapper.framework; includeInIndex = 0; path = Pods_Test.framework; sourceTree = BUILT_PRODUCTS_DIR; };
		60D5BBC1057F376E8D5C5826 /* Pods-TestTests.debug.xcconfig */ = {isa = PBXFileReference; includeInIndex = 1; lastKnownFileType = text.xcconfig; name = "Pods-TestTests.debug.xcconfig"; path = "Target Support Files/Pods-TestTests/Pods-TestTests.debug.xcconfig"; sourceTree = "<group>"; };
		616CD07CCEE75156410BCAB3 /* Pods-Test-TestUITests.debug.xcconfig */ = {isa = PBXFileReference; includeInIndex = 1; lastKnownFileType = text.xcconfig; name = "Pods-Test-TestUITests.debug.xcconfig"; path = "Target Support Files/Pods-Test-TestUITests/Pods-Test-TestUITests.debug.xcconfig"; sourceTree = "<group>"; };
		8440AB6A0DE1179916A6BD63 /* Pods_TestTests.framework */ = {isa = PBXFileReference; explicitFileType = wrapper.framework; includeInIndex = 0; path = Pods_TestTests.framework; sourceTree = BUILT_PRODUCTS_DIR; };
		A01F6511B883DF38A9E11371 /* Pods-Test.release.xcconfig */ = {isa = PBXFileReference; includeInIndex = 1; lastKnownFileType = text.xcconfig; name = "Pods-Test.release.xcconfig"; path = "Target Support Files/Pods-Test/Pods-Test.release.xcconfig"; sourceTree = "<group>"; };
		D3EE9BB512B7B49CE6A6152D /* Pods-Test.debug.xcconfig */ = {isa = PBXFileReference; includeInIndex = 1; lastKnownFileType = text.xcconfig; name = "Pods-Test.debug.xcconfig"; path = "Target Support Files/Pods-Test/Pods-Test.debug.xcconfig"; sourceTree = "<group>"; };
		DF71CE8FC650CEEDCDB37D05 /* Pods-Test-TestUITests.release.xcconfig */ = {isa = PBXFileReference; includeInIndex = 1; lastKnownFileType = text.xcconfig; name = "Pods-Test-TestUITests.release.xcconfig"; path = "Target Support Files/Pods-Test-TestUITests/Pods-Test-TestUITests.release.xcconfig"; sourceTree = "<group>"; };
		EE249942E44746E3315616A1 /* Pods-TestTests.release.xcconfig */ = {isa = PBXFileReference; includeInIndex = 1; lastKnownFileType = text.xcconfig; name = "Pods-TestTests.release.xcconfig"; path = "Target Support Files/Pods-TestTests/Pods-TestTests.release.xcconfig"; sourceTree = "<group>"; };
/* End PBXFileReference section */

/* Begin PBXFrameworksBuildPhase section */
		04E4F8542770A01D009F6132 /* Frameworks */ = {
			isa = PBXFrameworksBuildPhase;
			buildActionMask = 2147483647;
			files = (
				A1F4C25A2C0EA013DC37C216 /* Pods_Test.framework in Frameworks */,
			);
			runOnlyForDeploymentPostprocessing = 0;
		};
		04E4F86A2770A021009F6132 /* Frameworks */ = {
			isa = PBXFrameworksBuildPhase;
			buildActionMask = 2147483647;
			files = (
				805BC07FAD86E6B71831740D /* Pods_TestTests.framework in Frameworks */,
			);
			runOnlyForDeploymentPostprocessing = 0;
		};
		04E4F8752770A021009F6132 /* Frameworks */ = {
			isa = PBXFrameworksBuildPhase;
			buildActionMask = 2147483647;
			files = (
				C65A1922358C1CF73D01BEE5 /* Pods_Test_TestUITests.framework in Frameworks */,
			);
			runOnlyForDeploymentPostprocessing = 0;
		};
/* End PBXFrameworksBuildPhase section */

/* Begin PBXGroup section */
		04E4F84E2770A01D009F6132 = {
			isa = PBXGroup;
			children = (
				04E4F8592770A01D009F6132 /* Test */,
				04E4F8702770A021009F6132 /* TestTests */,
				04E4F87B2770A021009F6132 /* TestUITests */,
				04E4F8582770A01D009F6132 /* Products */,
				D71C2CB78C2FBAF85E445634 /* Pods */,
				9FEDFCFF87CF1EBBDCB5B5BB /* Frameworks */,
			);
			sourceTree = "<group>";
		};
		04E4F8582770A01D009F6132 /* Products */ = {
			isa = PBXGroup;
			children = (
				04E4F8572770A01D009F6132 /* Test.app */,
				04E4F86D2770A021009F6132 /* TestTests.xctest */,
				04E4F8782770A021009F6132 /* TestUITests.xctest */,
			);
			name = Products;
			sourceTree = "<group>";
		};
		04E4F8592770A01D009F6132 /* Test */ = {
			isa = PBXGroup;
			children = (
				0493BBCC2771A05F006075E0 /* Constant.swift */,
				0493BBA427719877006075E0 /* TriangleView.swift */,
				0493BBA327719877006075E0 /* UIImage+Extension.swift */,
				04E4F85E2770A01D009F6132 /* ViewController.swift */,
				04E4F8A22770A26E009F6132 /* ViewController+Content.swift */,
				04E4F85A2770A01D009F6132 /* AppDelegate.swift */,
				04E4F8682770A020009F6132 /* Info.plist */,
				04E4F8632770A020009F6132 /* Assets.xcassets */,
				04E4F8AA2770A512009F6132 /* Color.xcassets */,
				04E4F8602770A01D009F6132 /* Main.storyboard */,
				04E4F8652770A020009F6132 /* LaunchScreen.storyboard */,
			);
			path = Test;
			sourceTree = "<group>";
		};
		04E4F8702770A021009F6132 /* TestTests */ = {
			isa = PBXGroup;
			children = (
				04E4F8712770A021009F6132 /* TestTests.swift */,
				04E4F8732770A021009F6132 /* Info.plist */,
			);
			path = TestTests;
			sourceTree = "<group>";
		};
		04E4F87B2770A021009F6132 /* TestUITests */ = {
			isa = PBXGroup;
			children = (
				04E4F87C2770A021009F6132 /* TestUITests.swift */,
				04E4F87E2770A021009F6132 /* Info.plist */,
			);
			path = TestUITests;
			sourceTree = "<group>";
		};
		9FEDFCFF87CF1EBBDCB5B5BB /* Frameworks */ = {
			isa = PBXGroup;
			children = (
				1992CCA2FA4C0BE3B0F80E9A /* Pods_Test.framework */,
				0370709B117CF9458563B8AD /* Pods_Test_TestUITests.framework */,
				8440AB6A0DE1179916A6BD63 /* Pods_TestTests.framework */,
			);
			name = Frameworks;
			sourceTree = "<group>";
		};
		D71C2CB78C2FBAF85E445634 /* Pods */ = {
			isa = PBXGroup;
			children = (
				D3EE9BB512B7B49CE6A6152D /* Pods-Test.debug.xcconfig */,
				A01F6511B883DF38A9E11371 /* Pods-Test.release.xcconfig */,
				616CD07CCEE75156410BCAB3 /* Pods-Test-TestUITests.debug.xcconfig */,
				DF71CE8FC650CEEDCDB37D05 /* Pods-Test-TestUITests.release.xcconfig */,
				60D5BBC1057F376E8D5C5826 /* Pods-TestTests.debug.xcconfig */,
				EE249942E44746E3315616A1 /* Pods-TestTests.release.xcconfig */,
			);
			path = Pods;
			sourceTree = "<group>";
		};
/* End PBXGroup section */

/* Begin PBXNativeTarget section */
		04E4F8562770A01D009F6132 /* Test */ = {
			isa = PBXNativeTarget;
			buildConfigurationList = 04E4F8812770A021009F6132 /* Build configuration list for PBXNativeTarget "Test" */;
			buildPhases = (
				92CA983C70EAC345D740CC8F /* [CP] Check Pods Manifest.lock */,
				04E4F8532770A01D009F6132 /* Sources */,
				04E4F8542770A01D009F6132 /* Frameworks */,
				04E4F8552770A01D009F6132 /* Resources */,
				DDF6845EAFB675593FA5B156 /* [CP] Embed Pods Frameworks */,
			);
			buildRules = (
			);
			dependencies = (
			);
			name = Test;
			productName = Test;
			productReference = 04E4F8572770A01D009F6132 /* Test.app */;
			productType = "com.apple.product-type.application";
		};
		04E4F86C2770A021009F6132 /* TestTests */ = {
			isa = PBXNativeTarget;
			buildConfigurationList = 04E4F8842770A021009F6132 /* Build configuration list for PBXNativeTarget "TestTests" */;
			buildPhases = (
				69E8FE18C0B23FE3BF0FE260 /* [CP] Check Pods Manifest.lock */,
				04E4F8692770A021009F6132 /* Sources */,
				04E4F86A2770A021009F6132 /* Frameworks */,
				04E4F86B2770A021009F6132 /* Resources */,
			);
			buildRules = (
			);
			dependencies = (
				04E4F86F2770A021009F6132 /* PBXTargetDependency */,
			);
			name = TestTests;
			productName = TestTests;
			productReference = 04E4F86D2770A021009F6132 /* TestTests.xctest */;
			productType = "com.apple.product-type.bundle.unit-test";
		};
		04E4F8772770A021009F6132 /* TestUITests */ = {
			isa = PBXNativeTarget;
			buildConfigurationList = 04E4F8872770A021009F6132 /* Build configuration list for PBXNativeTarget "TestUITests" */;
			buildPhases = (
				717181B257793C4D6EF7C877 /* [CP] Check Pods Manifest.lock */,
				04E4F8742770A021009F6132 /* Sources */,
				04E4F8752770A021009F6132 /* Frameworks */,
				04E4F8762770A021009F6132 /* Resources */,
				E89887B92DC777C4367D34A0 /* [CP] Embed Pods Frameworks */,
			);
			buildRules = (
			);
			dependencies = (
				04E4F87A2770A021009F6132 /* PBXTargetDependency */,
			);
			name = TestUITests;
			productName = TestUITests;
			productReference = 04E4F8782770A021009F6132 /* TestUITests.xctest */;
			productType = "com.apple.product-type.bundle.ui-testing";
		};
/* End PBXNativeTarget section */

/* Begin PBXProject section */
		04E4F84F2770A01D009F6132 /* Project object */ = {
			isa = PBXProject;
			attributes = {
				LastSwiftUpdateCheck = 1240;
				LastUpgradeCheck = 1240;
				TargetAttributes = {
					04E4F8562770A01D009F6132 = {
						CreatedOnToolsVersion = 12.4;
					};
					04E4F86C2770A021009F6132 = {
						CreatedOnToolsVersion = 12.4;
						TestTargetID = 04E4F8562770A01D009F6132;
					};
					04E4F8772770A021009F6132 = {
						CreatedOnToolsVersion = 12.4;
						TestTargetID = 04E4F8562770A01D009F6132;
					};
				};
			};
			buildConfigurationList = 04E4F8522770A01D009F6132 /* Build configuration list for PBXProject "Test" */;
			compatibilityVersion = "Xcode 9.3";
			developmentRegion = en;
			hasScannedForEncodings = 0;
			knownRegions = (
				en,
				Base,
			);
			mainGroup = 04E4F84E2770A01D009F6132;
			productRefGroup = 04E4F8582770A01D009F6132 /* Products */;
			projectDirPath = "";
			projectRoot = "";
			targets = (
				04E4F8562770A01D009F6132 /* Test */,
				04E4F86C2770A021009F6132 /* TestTests */,
				04E4F8772770A021009F6132 /* TestUITests */,
			);
		};
/* End PBXProject section */

/* Begin PBXResourcesBuildPhase section */
		04E4F8552770A01D009F6132 /* Resources */ = {
			isa = PBXResourcesBuildPhase;
			buildActionMask = 2147483647;
			files = (
				04E4F8672770A020009F6132 /* LaunchScreen.storyboard in Resources */,
				04E4F8AB2770A512009F6132 /* Color.xcassets in Resources */,
				04E4F8642770A020009F6132 /* Assets.xcassets in Resources */,
				04E4F8622770A01D009F6132 /* Main.storyboard in Resources */,
			);
			runOnlyForDeploymentPostprocessing = 0;
		};
		04E4F86B2770A021009F6132 /* Resources */ = {
			isa = PBXResourcesBuildPhase;
			buildActionMask = 2147483647;
			files = (
			);
			runOnlyForDeploymentPostprocessing = 0;
		};
		04E4F8762770A021009F6132 /* Resources */ = {
			isa = PBXResourcesBuildPhase;
			buildActionMask = 2147483647;
			files = (
			);
			runOnlyForDeploymentPostprocessing = 0;
		};
/* End PBXResourcesBuildPhase section */

/* Begin PBXShellScriptBuildPhase section */
		69E8FE18C0B23FE3BF0FE260 /* [CP] Check Pods Manifest.lock */ = {
			isa = PBXShellScriptBuildPhase;
			buildActionMask = 2147483647;
			files = (
			);
			inputFileListPaths = (
			);
			inputPaths = (
				"${PODS_PODFILE_DIR_PATH}/Podfile.lock",
				"${PODS_ROOT}/Manifest.lock",
			);
			name = "[CP] Check Pods Manifest.lock";
			outputFileListPaths = (
			);
			outputPaths = (
				"$(DERIVED_FILE_DIR)/Pods-TestTests-checkManifestLockResult.txt",
			);
			runOnlyForDeploymentPostprocessing = 0;
			shellPath = /bin/sh;
			shellScript = "diff \"${PODS_PODFILE_DIR_PATH}/Podfile.lock\" \"${PODS_ROOT}/Manifest.lock\" > /dev/null\nif [ $? != 0 ] ; then\n    # print error to STDERR\n    echo \"error: The sandbox is not in sync with the Podfile.lock. Run 'pod install' or update your CocoaPods installation.\" >&2\n    exit 1\nfi\n# This output is used by Xcode 'outputs' to avoid re-running this script phase.\necho \"SUCCESS\" > \"${SCRIPT_OUTPUT_FILE_0}\"\n";
			showEnvVarsInLog = 0;
		};
		717181B257793C4D6EF7C877 /* [CP] Check Pods Manifest.lock */ = {
			isa = PBXShellScriptBuildPhase;
			buildActionMask = 2147483647;
			files = (
			);
			inputFileListPaths = (
			);
			inputPaths = (
				"${PODS_PODFILE_DIR_PATH}/Podfile.lock",
				"${PODS_ROOT}/Manifest.lock",
			);
			name = "[CP] Check Pods Manifest.lock";
			outputFileListPaths = (
			);
			outputPaths = (
				"$(DERIVED_FILE_DIR)/Pods-Test-TestUITests-checkManifestLockResult.txt",
			);
			runOnlyForDeploymentPostprocessing = 0;
			shellPath = /bin/sh;
			shellScript = "diff \"${PODS_PODFILE_DIR_PATH}/Podfile.lock\" \"${PODS_ROOT}/Manifest.lock\" > /dev/null\nif [ $? != 0 ] ; then\n    # print error to STDERR\n    echo \"error: The sandbox is not in sync with the Podfile.lock. Run 'pod install' or update your CocoaPods installation.\" >&2\n    exit 1\nfi\n# This output is used by Xcode 'outputs' to avoid re-running this script phase.\necho \"SUCCESS\" > \"${SCRIPT_OUTPUT_FILE_0}\"\n";
			showEnvVarsInLog = 0;
		};
		92CA983C70EAC345D740CC8F /* [CP] Check Pods Manifest.lock */ = {
			isa = PBXShellScriptBuildPhase;
			buildActionMask = 2147483647;
			files = (
			);
			inputFileListPaths = (
			);
			inputPaths = (
				"${PODS_PODFILE_DIR_PATH}/Podfile.lock",
				"${PODS_ROOT}/Manifest.lock",
			);
			name = "[CP] Check Pods Manifest.lock";
			outputFileListPaths = (
			);
			outputPaths = (
				"$(DERIVED_FILE_DIR)/Pods-Test-checkManifestLockResult.txt",
			);
			runOnlyForDeploymentPostprocessing = 0;
			shellPath = /bin/sh;
			shellScript = "diff \"${PODS_PODFILE_DIR_PATH}/Podfile.lock\" \"${PODS_ROOT}/Manifest.lock\" > /dev/null\nif [ $? != 0 ] ; then\n    # print error to STDERR\n    echo \"error: The sandbox is not in sync with the Podfile.lock. Run 'pod install' or update your CocoaPods installation.\" >&2\n    exit 1\nfi\n# This output is used by Xcode 'outputs' to avoid re-running this script phase.\necho \"SUCCESS\" > \"${SCRIPT_OUTPUT_FILE_0}\"\n";
			showEnvVarsInLog = 0;
		};
		DDF6845EAFB675593FA5B156 /* [CP] Embed Pods Frameworks */ = {
			isa = PBXShellScriptBuildPhase;
			buildActionMask = 2147483647;
			files = (
			);
			inputFileListPaths = (
				"${PODS_ROOT}/Target Support Files/Pods-Test/Pods-Test-frameworks-${CONFIGURATION}-input-files.xcfilelist",
			);
			name = "[CP] Embed Pods Frameworks";
			outputFileListPaths = (
				"${PODS_ROOT}/Target Support Files/Pods-Test/Pods-Test-frameworks-${CONFIGURATION}-output-files.xcfilelist",
			);
			runOnlyForDeploymentPostprocessing = 0;
			shellPath = /bin/sh;
			shellScript = "\"${PODS_ROOT}/Target Support Files/Pods-Test/Pods-Test-frameworks.sh\"\n";
			showEnvVarsInLog = 0;
		};
		E89887B92DC777C4367D34A0 /* [CP] Embed Pods Frameworks */ = {
			isa = PBXShellScriptBuildPhase;
			buildActionMask = 2147483647;
			files = (
			);
			inputFileListPaths = (
				"${PODS_ROOT}/Target Support Files/Pods-Test-TestUITests/Pods-Test-TestUITests-frameworks-${CONFIGURATION}-input-files.xcfilelist",
			);
			name = "[CP] Embed Pods Frameworks";
			outputFileListPaths = (
				"${PODS_ROOT}/Target Support Files/Pods-Test-TestUITests/Pods-Test-TestUITests-frameworks-${CONFIGURATION}-output-files.xcfilelist",
			);
			runOnlyForDeploymentPostprocessing = 0;
			shellPath = /bin/sh;
			shellScript = "\"${PODS_ROOT}/Target Support Files/Pods-Test-TestUITests/Pods-Test-TestUITests-frameworks.sh\"\n";
			showEnvVarsInLog = 0;
		};
/* End PBXShellScriptBuildPhase section */

/* Begin PBXSourcesBuildPhase section */
		04E4F8532770A01D009F6132 /* Sources */ = {
			isa = PBXSourcesBuildPhase;
			buildActionMask = 2147483647;
			files = (
				04E4F8A32770A26E009F6132 /* ViewController+Content.swift in Sources */,
				04E4F85F2770A01D009F6132 /* ViewController.swift in Sources */,
				0493BBA527719877006075E0 /* UIImage+Extension.swift in Sources */,
				0493BBA627719877006075E0 /* TriangleView.swift in Sources */,
				0493BBCD2771A05F006075E0 /* Constant.swift in Sources */,
				04E4F85B2770A01D009F6132 /* AppDelegate.swift in Sources */,
			);
			runOnlyForDeploymentPostprocessing = 0;
		};
		04E4F8692770A021009F6132 /* Sources */ = {
			isa = PBXSourcesBuildPhase;
			buildActionMask = 2147483647;
			files = (
				04E4F8722770A021009F6132 /* TestTests.swift in Sources */,
			);
			runOnlyForDeploymentPostprocessing = 0;
		};
		04E4F8742770A021009F6132 /* Sources */ = {
			isa = PBXSourcesBuildPhase;
			buildActionMask = 2147483647;
			files = (
				04E4F87D2770A021009F6132 /* TestUITests.swift in Sources */,
			);
			runOnlyForDeploymentPostprocessing = 0;
		};
/* End PBXSourcesBuildPhase section */

/* Begin PBXTargetDependency section */
		04E4F86F2770A021009F6132 /* PBXTargetDependency */ = {
			isa = PBXTargetDependency;
			target = 04E4F8562770A01D009F6132 /* Test */;
			targetProxy = 04E4F86E2770A021009F6132 /* PBXContainerItemProxy */;
		};
		04E4F87A2770A021009F6132 /* PBXTargetDependency */ = {
			isa = PBXTargetDependency;
			target = 04E4F8562770A01D009F6132 /* Test */;
			targetProxy = 04E4F8792770A021009F6132 /* PBXContainerItemProxy */;
		};
/* End PBXTargetDependency section */

/* Begin PBXVariantGroup section */
		04E4F8602770A01D009F6132 /* Main.storyboard */ = {
			isa = PBXVariantGroup;
			children = (
				04E4F8612770A01D009F6132 /* Base */,
			);
			name = Main.storyboard;
			sourceTree = "<group>";
		};
		04E4F8652770A020009F6132 /* LaunchScreen.storyboard */ = {
			isa = PBXVariantGroup;
			children = (
				04E4F8662770A020009F6132 /* Base */,
			);
			name = LaunchScreen.storyboard;
			sourceTree = "<group>";
		};
/* End PBXVariantGroup section */

/* Begin XCBuildConfiguration section */
		04E4F87F2770A021009F6132 /* Debug */ = {
			isa = XCBuildConfiguration;
			buildSettings = {
				ALWAYS_SEARCH_USER_PATHS = NO;
				CLANG_ANALYZER_NONNULL = YES;
				CLANG_ANALYZER_NUMBER_OBJECT_CONVERSION = YES_AGGRESSIVE;
				CLANG_CXX_LANGUAGE_STANDARD = "gnu++14";
				CLANG_CXX_LIBRARY = "libc++";
				CLANG_ENABLE_MODULES = YES;
				CLANG_ENABLE_OBJC_ARC = YES;
				CLANG_ENABLE_OBJC_WEAK = YES;
				CLANG_WARN_BLOCK_CAPTURE_AUTORELEASING = YES;
				CLANG_WARN_BOOL_CONVERSION = YES;
				CLANG_WARN_COMMA = YES;
				CLANG_WARN_CONSTANT_CONVERSION = YES;
				CLANG_WARN_DEPRECATED_OBJC_IMPLEMENTATIONS = YES;
				CLANG_WARN_DIRECT_OBJC_ISA_USAGE = YES_ERROR;
				CLANG_WARN_DOCUMENTATION_COMMENTS = YES;
				CLANG_WARN_EMPTY_BODY = YES;
				CLANG_WARN_ENUM_CONVERSION = YES;
				CLANG_WARN_INFINITE_RECURSION = YES;
				CLANG_WARN_INT_CONVERSION = YES;
				CLANG_WARN_NON_LITERAL_NULL_CONVERSION = YES;
				CLANG_WARN_OBJC_IMPLICIT_RETAIN_SELF = YES;
				CLANG_WARN_OBJC_LITERAL_CONVERSION = YES;
				CLANG_WARN_OBJC_ROOT_CLASS = YES_ERROR;
				CLANG_WARN_QUOTED_INCLUDE_IN_FRAMEWORK_HEADER = YES;
				CLANG_WARN_RANGE_LOOP_ANALYSIS = YES;
				CLANG_WARN_STRICT_PROTOTYPES = YES;
				CLANG_WARN_SUSPICIOUS_MOVE = YES;
				CLANG_WARN_UNGUARDED_AVAILABILITY = YES_AGGRESSIVE;
				CLANG_WARN_UNREACHABLE_CODE = YES;
				CLANG_WARN__DUPLICATE_METHOD_MATCH = YES;
				COPY_PHASE_STRIP = NO;
				DEBUG_INFORMATION_FORMAT = dwarf;
				ENABLE_STRICT_OBJC_MSGSEND = YES;
				ENABLE_TESTABILITY = YES;
				GCC_C_LANGUAGE_STANDARD = gnu11;
				GCC_DYNAMIC_NO_PIC = NO;
				GCC_NO_COMMON_BLOCKS = YES;
				GCC_OPTIMIZATION_LEVEL = 0;
				GCC_PREPROCESSOR_DEFINITIONS = (
					"DEBUG=1",
					"$(inherited)",
				);
				GCC_WARN_64_TO_32_BIT_CONVERSION = YES;
				GCC_WARN_ABOUT_RETURN_TYPE = YES_ERROR;
				GCC_WARN_UNDECLARED_SELECTOR = YES;
				GCC_WARN_UNINITIALIZED_AUTOS = YES_AGGRESSIVE;
				GCC_WARN_UNUSED_FUNCTION = YES;
				GCC_WARN_UNUSED_VARIABLE = YES;
				IPHONEOS_DEPLOYMENT_TARGET = 11.0;
				MTL_ENABLE_DEBUG_INFO = INCLUDE_SOURCE;
				MTL_FAST_MATH = YES;
				ONLY_ACTIVE_ARCH = YES;
				SDKROOT = iphoneos;
				SWIFT_ACTIVE_COMPILATION_CONDITIONS = DEBUG;
				SWIFT_OPTIMIZATION_LEVEL = "-Onone";
			};
			name = Debug;
		};
		04E4F8802770A021009F6132 /* Release */ = {
			isa = XCBuildConfiguration;
			buildSettings = {
				ALWAYS_SEARCH_USER_PATHS = NO;
				CLANG_ANALYZER_NONNULL = YES;
				CLANG_ANALYZER_NUMBER_OBJECT_CONVERSION = YES_AGGRESSIVE;
				CLANG_CXX_LANGUAGE_STANDARD = "gnu++14";
				CLANG_CXX_LIBRARY = "libc++";
				CLANG_ENABLE_MODULES = YES;
				CLANG_ENABLE_OBJC_ARC = YES;
				CLANG_ENABLE_OBJC_WEAK = YES;
				CLANG_WARN_BLOCK_CAPTURE_AUTORELEASING = YES;
				CLANG_WARN_BOOL_CONVERSION = YES;
				CLANG_WARN_COMMA = YES;
				CLANG_WARN_CONSTANT_CONVERSION = YES;
				CLANG_WARN_DEPRECATED_OBJC_IMPLEMENTATIONS = YES;
				CLANG_WARN_DIRECT_OBJC_ISA_USAGE = YES_ERROR;
				CLANG_WARN_DOCUMENTATION_COMMENTS = YES;
				CLANG_WARN_EMPTY_BODY = YES;
				CLANG_WARN_ENUM_CONVERSION = YES;
				CLANG_WARN_INFINITE_RECURSION = YES;
				CLANG_WARN_INT_CONVERSION = YES;
				CLANG_WARN_NON_LITERAL_NULL_CONVERSION = YES;
				CLANG_WARN_OBJC_IMPLICIT_RETAIN_SELF = YES;
				CLANG_WARN_OBJC_LITERAL_CONVERSION = YES;
				CLANG_WARN_OBJC_ROOT_CLASS = YES_ERROR;
				CLANG_WARN_QUOTED_INCLUDE_IN_FRAMEWORK_HEADER = YES;
				CLANG_WARN_RANGE_LOOP_ANALYSIS = YES;
				CLANG_WARN_STRICT_PROTOTYPES = YES;
				CLANG_WARN_SUSPICIOUS_MOVE = YES;
				CLANG_WARN_UNGUARDED_AVAILABILITY = YES_AGGRESSIVE;
				CLANG_WARN_UNREACHABLE_CODE = YES;
				CLANG_WARN__DUPLICATE_METHOD_MATCH = YES;
				COPY_PHASE_STRIP = NO;
				DEBUG_INFORMATION_FORMAT = "dwarf-with-dsym";
				ENABLE_NS_ASSERTIONS = NO;
				ENABLE_STRICT_OBJC_MSGSEND = YES;
				GCC_C_LANGUAGE_STANDARD = gnu11;
				GCC_NO_COMMON_BLOCKS = YES;
				GCC_WARN_64_TO_32_BIT_CONVERSION = YES;
				GCC_WARN_ABOUT_RETURN_TYPE = YES_ERROR;
				GCC_WARN_UNDECLARED_SELECTOR = YES;
				GCC_WARN_UNINITIALIZED_AUTOS = YES_AGGRESSIVE;
				GCC_WARN_UNUSED_FUNCTION = YES;
				GCC_WARN_UNUSED_VARIABLE = YES;
				IPHONEOS_DEPLOYMENT_TARGET = 11.0;
				MTL_ENABLE_DEBUG_INFO = NO;
				MTL_FAST_MATH = YES;
				SDKROOT = iphoneos;
				SWIFT_COMPILATION_MODE = wholemodule;
				SWIFT_OPTIMIZATION_LEVEL = "-O";
				VALIDATE_PRODUCT = YES;
			};
			name = Release;
		};
		04E4F8822770A021009F6132 /* Debug */ = {
			isa = XCBuildConfiguration;
			baseConfigurationReference = D3EE9BB512B7B49CE6A6152D /* Pods-Test.debug.xcconfig */;
			buildSettings = {
				ASSETCATALOG_COMPILER_APPICON_NAME = AppIcon;
				ASSETCATALOG_COMPILER_GLOBAL_ACCENT_COLOR_NAME = AccentColor;
				CODE_SIGN_STYLE = Automatic;
				DEVELOPMENT_TEAM = C9QT66NNBA;
				INFOPLIST_FILE = Test/Info.plist;
				IPHONEOS_DEPLOYMENT_TARGET = 11.0;
				LD_RUNPATH_SEARCH_PATHS = (
					"$(inherited)",
					"@executable_path/Frameworks",
				);
				PRODUCT_BUNDLE_IDENTIFIER = iotLink.Test;
				PRODUCT_NAME = "$(TARGET_NAME)";
				SWIFT_VERSION = 5.0;
				TARGETED_DEVICE_FAMILY = "1,2";
			};
			name = Debug;
		};
		04E4F8832770A021009F6132 /* Release */ = {
			isa = XCBuildConfiguration;
			baseConfigurationReference = A01F6511B883DF38A9E11371 /* Pods-Test.release.xcconfig */;
			buildSettings = {
				ASSETCATALOG_COMPILER_APPICON_NAME = AppIcon;
				ASSETCATALOG_COMPILER_GLOBAL_ACCENT_COLOR_NAME = AccentColor;
				CODE_SIGN_STYLE = Automatic;
				DEVELOPMENT_TEAM = C9QT66NNBA;
				INFOPLIST_FILE = Test/Info.plist;
				IPHONEOS_DEPLOYMENT_TARGET = 11.0;
				LD_RUNPATH_SEARCH_PATHS = (
					"$(inherited)",
					"@executable_path/Frameworks",
				);
				PRODUCT_BUNDLE_IDENTIFIER = iotLink.Test;
				PRODUCT_NAME = "$(TARGET_NAME)";
				SWIFT_VERSION = 5.0;
				TARGETED_DEVICE_FAMILY = "1,2";
			};
			name = Release;
		};
		04E4F8852770A021009F6132 /* Debug */ = {
			isa = XCBuildConfiguration;
			baseConfigurationReference = 60D5BBC1057F376E8D5C5826 /* Pods-TestTests.debug.xcconfig */;
			buildSettings = {
				ALWAYS_EMBED_SWIFT_STANDARD_LIBRARIES = YES;
				BUNDLE_LOADER = "$(TEST_HOST)";
				CODE_SIGN_STYLE = Automatic;
				DEVELOPMENT_TEAM = LTXZVDR289;
				INFOPLIST_FILE = TestTests/Info.plist;
				IPHONEOS_DEPLOYMENT_TARGET = 14.4;
				LD_RUNPATH_SEARCH_PATHS = (
					"$(inherited)",
					"@executable_path/Frameworks",
					"@loader_path/Frameworks",
				);
				PRODUCT_BUNDLE_IDENTIFIER = iotLink.TestTests;
				PRODUCT_NAME = "$(TARGET_NAME)";
				SWIFT_VERSION = 5.0;
				TARGETED_DEVICE_FAMILY = "1,2";
				TEST_HOST = "$(BUILT_PRODUCTS_DIR)/Test.app/Test";
			};
			name = Debug;
		};
		04E4F8862770A021009F6132 /* Release */ = {
			isa = XCBuildConfiguration;
			baseConfigurationReference = EE249942E44746E3315616A1 /* Pods-TestTests.release.xcconfig */;
			buildSettings = {
				ALWAYS_EMBED_SWIFT_STANDARD_LIBRARIES = YES;
				BUNDLE_LOADER = "$(TEST_HOST)";
				CODE_SIGN_STYLE = Automatic;
				DEVELOPMENT_TEAM = LTXZVDR289;
				INFOPLIST_FILE = TestTests/Info.plist;
				IPHONEOS_DEPLOYMENT_TARGET = 14.4;
				LD_RUNPATH_SEARCH_PATHS = (
					"$(inherited)",
					"@executable_path/Frameworks",
					"@loader_path/Frameworks",
				);
				PRODUCT_BUNDLE_IDENTIFIER = iotLink.TestTests;
				PRODUCT_NAME = "$(TARGET_NAME)";
				SWIFT_VERSION = 5.0;
				TARGETED_DEVICE_FAMILY = "1,2";
				TEST_HOST = "$(BUILT_PRODUCTS_DIR)/Test.app/Test";
			};
			name = Release;
		};
		04E4F8882770A021009F6132 /* Debug */ = {
			isa = XCBuildConfiguration;
			baseConfigurationReference = 616CD07CCEE75156410BCAB3 /* Pods-Test-TestUITests.debug.xcconfig */;
			buildSettings = {
				ALWAYS_EMBED_SWIFT_STANDARD_LIBRARIES = YES;
				CODE_SIGN_STYLE = Automatic;
				DEVELOPMENT_TEAM = LTXZVDR289;
				INFOPLIST_FILE = TestUITests/Info.plist;
				LD_RUNPATH_SEARCH_PATHS = (
					"$(inherited)",
					"@executable_path/Frameworks",
					"@loader_path/Frameworks",
				);
				PRODUCT_BUNDLE_IDENTIFIER = iotLink.TestUITests;
				PRODUCT_NAME = "$(TARGET_NAME)";
				SWIFT_VERSION = 5.0;
				TARGETED_DEVICE_FAMILY = "1,2";
				TEST_TARGET_NAME = Test;
			};
			name = Debug;
		};
		04E4F8892770A021009F6132 /* Release */ = {
			isa = XCBuildConfiguration;
			baseConfigurationReference = DF71CE8FC650CEEDCDB37D05 /* Pods-Test-TestUITests.release.xcconfig */;
			buildSettings = {
				ALWAYS_EMBED_SWIFT_STANDARD_LIBRARIES = YES;
				CODE_SIGN_STYLE = Automatic;
				DEVELOPMENT_TEAM = LTXZVDR289;
				INFOPLIST_FILE = TestUITests/Info.plist;
				LD_RUNPATH_SEARCH_PATHS = (
					"$(inherited)",
					"@executable_path/Frameworks",
					"@loader_path/Frameworks",
				);
				PRODUCT_BUNDLE_IDENTIFIER = iotLink.TestUITests;
				PRODUCT_NAME = "$(TARGET_NAME)";
				SWIFT_VERSION = 5.0;
				TARGETED_DEVICE_FAMILY = "1,2";
				TEST_TARGET_NAME = Test;
			};
			name = Release;
		};
/* End XCBuildConfiguration section */

/* Begin XCConfigurationList section */
		04E4F8522770A01D009F6132 /* Build configuration list for PBXProject "Test" */ = {
			isa = XCConfigurationList;
			buildConfigurations = (
				04E4F87F2770A021009F6132 /* Debug */,
				04E4F8802770A021009F6132 /* Release */,
			);
			defaultConfigurationIsVisible = 0;
			defaultConfigurationName = Release;
		};
		04E4F8812770A021009F6132 /* Build configuration list for PBXNativeTarget "Test" */ = {
			isa = XCConfigurationList;
			buildConfigurations = (
				04E4F8822770A021009F6132 /* Debug */,
				04E4F8832770A021009F6132 /* Release */,
			);
			defaultConfigurationIsVisible = 0;
			defaultConfigurationName = Release;
		};
		04E4F8842770A021009F6132 /* Build configuration list for PBXNativeTarget "TestTests" */ = {
			isa = XCConfigurationList;
			buildConfigurations = (
				04E4F8852770A021009F6132 /* Debug */,
				04E4F8862770A021009F6132 /* Release */,
			);
			defaultConfigurationIsVisible = 0;
			defaultConfigurationName = Release;
		};
		04E4F8872770A021009F6132 /* Build configuration list for PBXNativeTarget "TestUITests" */ = {
			isa = XCConfigurationList;
			buildConfigurations = (
				04E4F8882770A021009F6132 /* Debug */,
				04E4F8892770A021009F6132 /* Release */,
			);
			defaultConfigurationIsVisible = 0;
			defaultConfigurationName = Release;
		};
/* End XCConfigurationList section */
	};
	rootObject = 04E4F84F2770A01D009F6132 /* Project object */;
}
